
Microsoft Visual Studio Solution File, Format Version 12.00
# Visual Studio Express 15 for Windows Desktop
VisualStudioVersion = 15.0.27703.2042
MinimumVisualStudioVersion = 10.0.40219.1
Project("{8BC9CEB8-8B4A-11D0-8D11-00A0C91BC942}") = "win32", "win32\win32.vcxproj", "{0BBE48D1-B9D7-4ABB-B247-C59E2B024CCC}"
EndProject
Global
	GlobalSection(SolutionConfigurationPlatforms) = preSolution
		Debug|x64 = Debug|x64
		Debug|x86 = Debug|x86
		Release|x64 = Release|x64
		Release|x86 = Release|x86
	EndGlobalSection
	GlobalSection(ProjectConfigurationPlatforms) = postSolution
		{0BBE48D1-B9D7-4ABB-B247-C59E2B024CCC}.Debug|x64.ActiveCfg = Debug|x64
		{0BBE48D1-B9D7-4ABB-B247-C59E2B024CCC}.Debug|x64.Build.0 = Debug|x64
		{0BBE48D1-B9D7-4ABB-B247-C59E2B024CCC}.Debug|x86.ActiveCfg = Debug|Win32
		{0BBE48D1-B9D7-4ABB-B247-C59E2B024CCC}.Debug|x86.Build.0 = Debug|Win32
		{0BBE48D1-B9D7-4ABB-B247-C59E2B024CCC}.Release|x64.ActiveCfg = Release|x64
		{0BBE48D1-B9D7-4ABB-B247-C59E2B024CCC}.Release|x64.Build.0 = Release|x64
		{0BBE48D1-B9D7-4ABB-B247-C59E2B024CCC}.Release|x86.ActiveCfg = Release|Win32
		{0BBE48D1-B9D7-4ABB-B247-C59E2B024CCC}.Release|x86.Build.0 = Release|Win32
	EndGlobalSection
	GlobalSection(SolutionProperties) = preSolution
		HideSolutionNode = FALSE
	EndGlobalSection
	GlobalSection(ExtensibilityGlobals) = postSolution
		SolutionGuid = {D6DD191F-F5C4-4F0E-977A-B3BCFF0A53A3}
	EndGlobalSection
EndGlobal
